
Microsoft Visual Studio Solution File, Format Version 12.00
# Visual Studio Version 16
VisualStudioVersion = 16.0.30320.27
MinimumVisualStudioVersion = 10.0.40219.1
Project("{FAE04EC0-301F-11D3-BF4B-00C04F79EFBC}") = "RedCore", "RedCore\RedCore.csproj", "{34AF0022-09FE-470C-8BB0-D6566F5D383C}"
EndProject
Project("{FAE04EC0-301F-11D3-BF4B-00C04F79EFBC}") = "DataAccessLibrary", "DataAccessLibrary\DataAccessLibrary.csproj", "{8BFBC50F-DD02-4073-9965-E3B2AD432723}"
EndProject
Global
	GlobalSection(SolutionConfigurationPlatforms) = preSolution
		Debug|Any CPU = Debug|Any CPU
		Release|Any CPU = Release|Any CPU
	EndGlobalSection
	GlobalSection(ProjectConfigurationPlatforms) = postSolution
		{34AF0022-09FE-470C-8BB0-D6566F5D383C}.Debug|Any CPU.ActiveCfg = Debug|Any CPU
		{34AF0022-09FE-470C-8BB0-D6566F5D383C}.Debug|Any CPU.Build.0 = Debug|Any CPU
		{34AF0022-09FE-470C-8BB0-D6566F5D383C}.Release|Any CPU.ActiveCfg = Release|Any CPU
		{34AF0022-09FE-470C-8BB0-D6566F5D383C}.Release|Any CPU.Build.0 = Release|Any CPU
		{8BFBC50F-DD02-4073-9965-E3B2AD432723}.Debug|Any CPU.ActiveCfg = Debug|Any CPU
		{8BFBC50F-DD02-4073-9965-E3B2AD432723}.Debug|Any CPU.Build.0 = Debug|Any CPU
		{8BFBC50F-DD02-4073-9965-E3B2AD432723}.Release|Any CPU.ActiveCfg = Release|Any CPU
		{8BFBC50F-DD02-4073-9965-E3B2AD432723}.Release|Any CPU.Build.0 = Release|Any CPU
	EndGlobalSection
	GlobalSection(SolutionProperties) = preSolution
		HideSolutionNode = FALSE
	EndGlobalSection
	GlobalSection(ExtensibilityGlobals) = postSolution
		SolutionGuid = {474A6223-1B2B-4509-9925-8658A62107CC}
	EndGlobalSection
EndGlobal
